// !$*UTF8*$!
{
	archiveVersion = 1;
	classes = {
	};
	objectVersion = 50;
	objects = {

/* Begin PBXBuildFile section */
		4D0CDCF32281A21B00BDCE62 /* NASA_APOD.swift in Sources */ = {isa = PBXBuildFile; fileRef = 4D0CDCF22281A21B00BDCE62 /* NASA_APOD.swift */; };
		4D1E71C2228030B900EBC47A /* App.swift in Sources */ = {isa = PBXBuildFile; fileRef = 4D1E71C1228030B900EBC47A /* App.swift */; };
		4D1E71C6228030CE00EBC47A /* Device.swift in Sources */ = {isa = PBXBuildFile; fileRef = 4D1E71C5228030CE00EBC47A /* Device.swift */; };
		4D1E71CA228030EB00EBC47A /* NetworkRequest.swift in Sources */ = {isa = PBXBuildFile; fileRef = 4D1E71C9228030EB00EBC47A /* NetworkRequest.swift */; };
		4D1E71CE2280310100EBC47A /* NetworkRequestError.swift in Sources */ = {isa = PBXBuildFile; fileRef = 4D1E71CD2280310100EBC47A /* NetworkRequestError.swift */; };
		4D1E71D22280311800EBC47A /* Crash.swift in Sources */ = {isa = PBXBuildFile; fileRef = 4D1E71D12280311800EBC47A /* Crash.swift */; };
		4D2664CB229ABA7B0090BAB7 /* IntroController.swift in Sources */ = {isa = PBXBuildFile; fileRef = 4D2664CA229ABA7B0090BAB7 /* IntroController.swift */; };
		4D2664CD229AE4210090BAB7 /* NavigationController.swift in Sources */ = {isa = PBXBuildFile; fileRef = 4D2664CC229AE4210090BAB7 /* NavigationController.swift */; };
		4D2664CF229AFA890090BAB7 /* LogInNavController.swift in Sources */ = {isa = PBXBuildFile; fileRef = 4D2664CE229AFA890090BAB7 /* LogInNavController.swift */; };
		4D3FC7FC2281BB64005D2F22 /* Alamofire.framework in Frameworks */ = {isa = PBXBuildFile; fileRef = 4D3FC7FB2281BB64005D2F22 /* Alamofire.framework */; };
		4D4810B8227A17B400B7078B /* AppDynamics.framework in Frameworks */ = {isa = PBXBuildFile; fileRef = 4D72F08C2279DEC900CD76F8 /* AppDynamics.framework */; };
		4D4810B9227A17B400B7078B /* AppDynamics.framework in Embed Frameworks */ = {isa = PBXBuildFile; fileRef = 4D72F08C2279DEC900CD76F8 /* AppDynamics.framework */; settings = {ATTRIBUTES = (CodeSignOnCopy, RemoveHeadersOnCopy, ); }; };
		4D72F0962279DEC900CD76F8 /* AppDynamics.framework in Frameworks */ = {isa = PBXBuildFile; fileRef = 4D72F08C2279DEC900CD76F8 /* AppDynamics.framework */; };
		4D72F09B2279DEC900CD76F8 /* AppDynamicsTests.swift in Sources */ = {isa = PBXBuildFile; fileRef = 4D72F09A2279DEC900CD76F8 /* AppDynamicsTests.swift */; };
		4D72F09D2279DEC900CD76F8 /* AppDynamics.h in Headers */ = {isa = PBXBuildFile; fileRef = 4D72F08F2279DEC900CD76F8 /* AppDynamics.h */; settings = {ATTRIBUTES = (Public, ); }; };
		4D72F0A72279DF6200CD76F8 /* Controller.swift in Sources */ = {isa = PBXBuildFile; fileRef = 4D72F0A62279DF6200CD76F8 /* Controller.swift */; };
		4D72F0AF2279EA9600CD76F8 /* AppDelegate.swift in Sources */ = {isa = PBXBuildFile; fileRef = 4D72F0AE2279EA9600CD76F8 /* AppDelegate.swift */; };
		4D72F0B12279EA9600CD76F8 /* ViewController.swift in Sources */ = {isa = PBXBuildFile; fileRef = 4D72F0B02279EA9600CD76F8 /* ViewController.swift */; };
		4D72F0B42279EA9600CD76F8 /* Main.storyboard in Resources */ = {isa = PBXBuildFile; fileRef = 4D72F0B22279EA9600CD76F8 /* Main.storyboard */; };
		4D72F0B62279EA9800CD76F8 /* Assets.xcassets in Resources */ = {isa = PBXBuildFile; fileRef = 4D72F0B52279EA9800CD76F8 /* Assets.xcassets */; };
		4D72F0B92279EA9800CD76F8 /* LaunchScreen.storyboard in Resources */ = {isa = PBXBuildFile; fileRef = 4D72F0B72279EA9800CD76F8 /* LaunchScreen.storyboard */; };
		4D72F0C42279EA9800CD76F8 /* AppDynamicsClientAppTests.swift in Sources */ = {isa = PBXBuildFile; fileRef = 4D72F0C32279EA9800CD76F8 /* AppDynamicsClientAppTests.swift */; };
		4D72F0CF2279F63B00CD76F8 /* ErrorMsgTests.swift in Sources */ = {isa = PBXBuildFile; fileRef = 4D72F0CE2279F63B00CD76F8 /* ErrorMsgTests.swift */; };
		4D82855222846F26007A3149 /* DesignableTextField.swift in Sources */ = {isa = PBXBuildFile; fileRef = 4D82855122846F26007A3149 /* DesignableTextField.swift */; };
		4D8CF52022888831008A1338 /* DetailsController.swift in Sources */ = {isa = PBXBuildFile; fileRef = 4D8CF51F22888831008A1338 /* DetailsController.swift */; };
		4D9856CE228711F300979370 /* SearchController.swift in Sources */ = {isa = PBXBuildFile; fileRef = 4D9856CD228711F300979370 /* SearchController.swift */; };
		4D9856D22287257D00979370 /* SearchControllerTableViewCell.swift in Sources */ = {isa = PBXBuildFile; fileRef = 4D9856D12287257D00979370 /* SearchControllerTableViewCell.swift */; };
		4D9856D4228726D700979370 /* SearchResult.swift in Sources */ = {isa = PBXBuildFile; fileRef = 4D9856D3228726D700979370 /* SearchResult.swift */; };
		4DA820012281EC560096FA02 /* NasaController.swift in Sources */ = {isa = PBXBuildFile; fileRef = 4DA820002281EC560096FA02 /* NasaController.swift */; };
		4DE04E72228474A00084AD56 /* DesignableButton.swift in Sources */ = {isa = PBXBuildFile; fileRef = 4DE04E71228474A00084AD56 /* DesignableButton.swift */; };
		4DE04E75228481470084AD56 /* Nasa.ttf in Resources */ = {isa = PBXBuildFile; fileRef = 4DE04E74228481470084AD56 /* Nasa.ttf */; };
		4DE04E77228482F60084AD56 /* SignUpController.swift in Sources */ = {isa = PBXBuildFile; fileRef = 4DE04E76228482F60084AD56 /* SignUpController.swift */; };
		4DE04E7A2284A9070084AD56 /* User.swift in Sources */ = {isa = PBXBuildFile; fileRef = 4DE04E792284A9070084AD56 /* User.swift */; };
		B12B7D7A37A631B8765F9144 /* Pods_AppDynamicsClientApp.framework in Frameworks */ = {isa = PBXBuildFile; fileRef = 2CC98BF721EF6079F981D8CA /* Pods_AppDynamicsClientApp.framework */; };
		BF202BEBC317AA65FDE3A51B /* Pods_AppDynamicsTests.framework in Frameworks */ = {isa = PBXBuildFile; fileRef = E071A66BE68740C8F3C26A26 /* Pods_AppDynamicsTests.framework */; };
		DA4403CE0D23CAF791126BF9 /* Pods_AppDynamics.framework in Frameworks */ = {isa = PBXBuildFile; fileRef = 552AD3630447DC7AADBC01E8 /* Pods_AppDynamics.framework */; };
		E5F72FF23AC3D1CA5244FA52 /* Pods_AppDynamicsClientAppTests.framework in Frameworks */ = {isa = PBXBuildFile; fileRef = 16A47B101C565D47153271F1 /* Pods_AppDynamicsClientAppTests.framework */; };
/* End PBXBuildFile section */

/* Begin PBXContainerItemProxy section */
		4D4810BA227A17B400B7078B /* PBXContainerItemProxy */ = {
			isa = PBXContainerItemProxy;
			containerPortal = 4D72F0832279DEC900CD76F8 /* Project object */;
			proxyType = 1;
			remoteGlobalIDString = 4D72F08B2279DEC900CD76F8;
			remoteInfo = AppDynamics;
		};
		4D72F0972279DEC900CD76F8 /* PBXContainerItemProxy */ = {
			isa = PBXContainerItemProxy;
			containerPortal = 4D72F0832279DEC900CD76F8 /* Project object */;
			proxyType = 1;
			remoteGlobalIDString = 4D72F08B2279DEC900CD76F8;
			remoteInfo = AppDynamics;
		};
		4D72F0C02279EA9800CD76F8 /* PBXContainerItemProxy */ = {
			isa = PBXContainerItemProxy;
			containerPortal = 4D72F0832279DEC900CD76F8 /* Project object */;
			proxyType = 1;
			remoteGlobalIDString = 4D72F0AB2279EA9600CD76F8;
			remoteInfo = AppDynamicsClientApp;
		};
/* End PBXContainerItemProxy section */

/* Begin PBXCopyFilesBuildPhase section */
		4D4810BC227A17B400B7078B /* Embed Frameworks */ = {
			isa = PBXCopyFilesBuildPhase;
			buildActionMask = 2147483647;
			dstPath = "";
			dstSubfolderSpec = 10;
			files = (
				4D4810B9227A17B400B7078B /* AppDynamics.framework in Embed Frameworks */,
			);
			name = "Embed Frameworks";
			runOnlyForDeploymentPostprocessing = 0;
		};
/* End PBXCopyFilesBuildPhase section */

/* Begin PBXFileReference section */
		16A47B101C565D47153271F1 /* Pods_AppDynamicsClientAppTests.framework */ = {isa = PBXFileReference; explicitFileType = wrapper.framework; includeInIndex = 0; path = Pods_AppDynamicsClientAppTests.framework; sourceTree = BUILT_PRODUCTS_DIR; };
		2CC98BF721EF6079F981D8CA /* Pods_AppDynamicsClientApp.framework */ = {isa = PBXFileReference; explicitFileType = wrapper.framework; includeInIndex = 0; path = Pods_AppDynamicsClientApp.framework; sourceTree = BUILT_PRODUCTS_DIR; };
		308D507ED40BCFDA7EE5B7C2 /* Pods-AppDynamicsClientApp.release.xcconfig */ = {isa = PBXFileReference; includeInIndex = 1; lastKnownFileType = text.xcconfig; name = "Pods-AppDynamicsClientApp.release.xcconfig"; path = "Target Support Files/Pods-AppDynamicsClientApp/Pods-AppDynamicsClientApp.release.xcconfig"; sourceTree = "<group>"; };
		4D0CDCF22281A21B00BDCE62 /* NASA_APOD.swift */ = {isa = PBXFileReference; lastKnownFileType = sourcecode.swift; path = NASA_APOD.swift; sourceTree = "<group>"; };
		4D1E71C1228030B900EBC47A /* App.swift */ = {isa = PBXFileReference; lastKnownFileType = sourcecode.swift; path = App.swift; sourceTree = "<group>"; };
		4D1E71C5228030CE00EBC47A /* Device.swift */ = {isa = PBXFileReference; lastKnownFileType = sourcecode.swift; path = Device.swift; sourceTree = "<group>"; };
		4D1E71C9228030EB00EBC47A /* NetworkRequest.swift */ = {isa = PBXFileReference; lastKnownFileType = sourcecode.swift; path = NetworkRequest.swift; sourceTree = "<group>"; };
		4D1E71CD2280310100EBC47A /* NetworkRequestError.swift */ = {isa = PBXFileReference; lastKnownFileType = sourcecode.swift; path = NetworkRequestError.swift; sourceTree = "<group>"; };
		4D1E71D12280311800EBC47A /* Crash.swift */ = {isa = PBXFileReference; lastKnownFileType = sourcecode.swift; path = Crash.swift; sourceTree = "<group>"; };
		4D2664CA229ABA7B0090BAB7 /* IntroController.swift */ = {isa = PBXFileReference; lastKnownFileType = sourcecode.swift; path = IntroController.swift; sourceTree = "<group>"; };
		4D2664CC229AE4210090BAB7 /* NavigationController.swift */ = {isa = PBXFileReference; lastKnownFileType = sourcecode.swift; path = NavigationController.swift; sourceTree = "<group>"; };
		4D2664CE229AFA890090BAB7 /* LogInNavController.swift */ = {isa = PBXFileReference; lastKnownFileType = sourcecode.swift; path = LogInNavController.swift; sourceTree = "<group>"; };
		4D3FC7F92281BA27005D2F22 /* Alamofire.framework */ = {isa = PBXFileReference; explicitFileType = wrapper.framework; path = Alamofire.framework; sourceTree = BUILT_PRODUCTS_DIR; };
		4D3FC7FB2281BB64005D2F22 /* Alamofire.framework */ = {isa = PBXFileReference; explicitFileType = wrapper.framework; path = Alamofire.framework; sourceTree = BUILT_PRODUCTS_DIR; };
		4D72F08C2279DEC900CD76F8 /* AppDynamics.framework */ = {isa = PBXFileReference; explicitFileType = wrapper.framework; includeInIndex = 0; path = AppDynamics.framework; sourceTree = BUILT_PRODUCTS_DIR; };
		4D72F08F2279DEC900CD76F8 /* AppDynamics.h */ = {isa = PBXFileReference; lastKnownFileType = sourcecode.c.h; path = AppDynamics.h; sourceTree = "<group>"; };
		4D72F0902279DEC900CD76F8 /* Info.plist */ = {isa = PBXFileReference; lastKnownFileType = text.plist.xml; path = Info.plist; sourceTree = "<group>"; };
		4D72F0952279DEC900CD76F8 /* AppDynamicsTests.xctest */ = {isa = PBXFileReference; explicitFileType = wrapper.cfbundle; includeInIndex = 0; path = AppDynamicsTests.xctest; sourceTree = BUILT_PRODUCTS_DIR; };
		4D72F09A2279DEC900CD76F8 /* AppDynamicsTests.swift */ = {isa = PBXFileReference; lastKnownFileType = sourcecode.swift; path = AppDynamicsTests.swift; sourceTree = "<group>"; };
		4D72F09C2279DEC900CD76F8 /* Info.plist */ = {isa = PBXFileReference; lastKnownFileType = text.plist.xml; path = Info.plist; sourceTree = "<group>"; };
		4D72F0A62279DF6200CD76F8 /* Controller.swift */ = {isa = PBXFileReference; lastKnownFileType = sourcecode.swift; path = Controller.swift; sourceTree = "<group>"; };
		4D72F0AC2279EA9600CD76F8 /* AppDynamicsClientApp.app */ = {isa = PBXFileReference; explicitFileType = wrapper.application; includeInIndex = 0; path = AppDynamicsClientApp.app; sourceTree = BUILT_PRODUCTS_DIR; };
		4D72F0AE2279EA9600CD76F8 /* AppDelegate.swift */ = {isa = PBXFileReference; lastKnownFileType = sourcecode.swift; path = AppDelegate.swift; sourceTree = "<group>"; };
		4D72F0B02279EA9600CD76F8 /* ViewController.swift */ = {isa = PBXFileReference; lastKnownFileType = sourcecode.swift; path = ViewController.swift; sourceTree = "<group>"; };
		4D72F0B32279EA9600CD76F8 /* Base */ = {isa = PBXFileReference; lastKnownFileType = file.storyboard; name = Base; path = Base.lproj/Main.storyboard; sourceTree = "<group>"; };
		4D72F0B52279EA9800CD76F8 /* Assets.xcassets */ = {isa = PBXFileReference; lastKnownFileType = folder.assetcatalog; path = Assets.xcassets; sourceTree = "<group>"; };
		4D72F0B82279EA9800CD76F8 /* Base */ = {isa = PBXFileReference; lastKnownFileType = file.storyboard; name = Base; path = Base.lproj/LaunchScreen.storyboard; sourceTree = "<group>"; };
		4D72F0BA2279EA9800CD76F8 /* Info.plist */ = {isa = PBXFileReference; lastKnownFileType = text.plist.xml; path = Info.plist; sourceTree = "<group>"; };
		4D72F0BF2279EA9800CD76F8 /* AppDynamicsClientAppTests.xctest */ = {isa = PBXFileReference; explicitFileType = wrapper.cfbundle; includeInIndex = 0; path = AppDynamicsClientAppTests.xctest; sourceTree = BUILT_PRODUCTS_DIR; };
		4D72F0C32279EA9800CD76F8 /* AppDynamicsClientAppTests.swift */ = {isa = PBXFileReference; lastKnownFileType = sourcecode.swift; path = AppDynamicsClientAppTests.swift; sourceTree = "<group>"; };
		4D72F0C52279EA9800CD76F8 /* Info.plist */ = {isa = PBXFileReference; lastKnownFileType = text.plist.xml; path = Info.plist; sourceTree = "<group>"; };
		4D72F0CE2279F63B00CD76F8 /* ErrorMsgTests.swift */ = {isa = PBXFileReference; lastKnownFileType = sourcecode.swift; path = ErrorMsgTests.swift; sourceTree = "<group>"; };
		4D82855122846F26007A3149 /* DesignableTextField.swift */ = {isa = PBXFileReference; lastKnownFileType = sourcecode.swift; path = DesignableTextField.swift; sourceTree = "<group>"; };
		4D8CF51F22888831008A1338 /* DetailsController.swift */ = {isa = PBXFileReference; lastKnownFileType = sourcecode.swift; path = DetailsController.swift; sourceTree = "<group>"; };
		4D9856CD228711F300979370 /* SearchController.swift */ = {isa = PBXFileReference; lastKnownFileType = sourcecode.swift; path = SearchController.swift; sourceTree = "<group>"; };
		4D9856D12287257D00979370 /* SearchControllerTableViewCell.swift */ = {isa = PBXFileReference; lastKnownFileType = sourcecode.swift; path = SearchControllerTableViewCell.swift; sourceTree = "<group>"; };
		4D9856D3228726D700979370 /* SearchResult.swift */ = {isa = PBXFileReference; lastKnownFileType = sourcecode.swift; path = SearchResult.swift; sourceTree = "<group>"; };
		4DA820002281EC560096FA02 /* NasaController.swift */ = {isa = PBXFileReference; lastKnownFileType = sourcecode.swift; path = NasaController.swift; sourceTree = "<group>"; };
		4DE04E71228474A00084AD56 /* DesignableButton.swift */ = {isa = PBXFileReference; lastKnownFileType = sourcecode.swift; path = DesignableButton.swift; sourceTree = "<group>"; };
		4DE04E74228481470084AD56 /* Nasa.ttf */ = {isa = PBXFileReference; lastKnownFileType = file; path = Nasa.ttf; sourceTree = "<group>"; };
		4DE04E76228482F60084AD56 /* SignUpController.swift */ = {isa = PBXFileReference; lastKnownFileType = sourcecode.swift; path = SignUpController.swift; sourceTree = "<group>"; };
		4DE04E792284A9070084AD56 /* User.swift */ = {isa = PBXFileReference; lastKnownFileType = sourcecode.swift; path = User.swift; sourceTree = "<group>"; };
		4E827C1A92156D3C730BCF61 /* Pods-AppDynamicsTests.release.xcconfig */ = {isa = PBXFileReference; includeInIndex = 1; lastKnownFileType = text.xcconfig; name = "Pods-AppDynamicsTests.release.xcconfig"; path = "Target Support Files/Pods-AppDynamicsTests/Pods-AppDynamicsTests.release.xcconfig"; sourceTree = "<group>"; };
		552AD3630447DC7AADBC01E8 /* Pods_AppDynamics.framework */ = {isa = PBXFileReference; explicitFileType = wrapper.framework; includeInIndex = 0; path = Pods_AppDynamics.framework; sourceTree = BUILT_PRODUCTS_DIR; };
		5D8818CE14F0CCE337084257 /* Pods-AppDynamics.debug.xcconfig */ = {isa = PBXFileReference; includeInIndex = 1; lastKnownFileType = text.xcconfig; name = "Pods-AppDynamics.debug.xcconfig"; path = "Target Support Files/Pods-AppDynamics/Pods-AppDynamics.debug.xcconfig"; sourceTree = "<group>"; };
		78CE1033C908DAD67096C861 /* Pods-AppDynamicsClientApp.debug.xcconfig */ = {isa = PBXFileReference; includeInIndex = 1; lastKnownFileType = text.xcconfig; name = "Pods-AppDynamicsClientApp.debug.xcconfig"; path = "Target Support Files/Pods-AppDynamicsClientApp/Pods-AppDynamicsClientApp.debug.xcconfig"; sourceTree = "<group>"; };
		7B8F3D2364A7B9400A272FCC /* Pods-AppDynamicsClientAppTests.release.xcconfig */ = {isa = PBXFileReference; includeInIndex = 1; lastKnownFileType = text.xcconfig; name = "Pods-AppDynamicsClientAppTests.release.xcconfig"; path = "Target Support Files/Pods-AppDynamicsClientAppTests/Pods-AppDynamicsClientAppTests.release.xcconfig"; sourceTree = "<group>"; };
		9DE699198681AAAE1D5BCE31 /* Pods-AppDynamics.release.xcconfig */ = {isa = PBXFileReference; includeInIndex = 1; lastKnownFileType = text.xcconfig; name = "Pods-AppDynamics.release.xcconfig"; path = "Target Support Files/Pods-AppDynamics/Pods-AppDynamics.release.xcconfig"; sourceTree = "<group>"; };
		D56691E54F1AA4AF19A2B897 /* Pods-AppDynamicsClientAppTests.debug.xcconfig */ = {isa = PBXFileReference; includeInIndex = 1; lastKnownFileType = text.xcconfig; name = "Pods-AppDynamicsClientAppTests.debug.xcconfig"; path = "Target Support Files/Pods-AppDynamicsClientAppTests/Pods-AppDynamicsClientAppTests.debug.xcconfig"; sourceTree = "<group>"; };
		E071A66BE68740C8F3C26A26 /* Pods_AppDynamicsTests.framework */ = {isa = PBXFileReference; explicitFileType = wrapper.framework; includeInIndex = 0; path = Pods_AppDynamicsTests.framework; sourceTree = BUILT_PRODUCTS_DIR; };
		EE5F3086DE00174819EF6521 /* Pods-AppDynamicsTests.debug.xcconfig */ = {isa = PBXFileReference; includeInIndex = 1; lastKnownFileType = text.xcconfig; name = "Pods-AppDynamicsTests.debug.xcconfig"; path = "Target Support Files/Pods-AppDynamicsTests/Pods-AppDynamicsTests.debug.xcconfig"; sourceTree = "<group>"; };
/* End PBXFileReference section */

/* Begin PBXFrameworksBuildPhase section */
		4D72F0892279DEC900CD76F8 /* Frameworks */ = {
			isa = PBXFrameworksBuildPhase;
			buildActionMask = 2147483647;
			files = (
				DA4403CE0D23CAF791126BF9 /* Pods_AppDynamics.framework in Frameworks */,
			);
			runOnlyForDeploymentPostprocessing = 0;
		};
		4D72F0922279DEC900CD76F8 /* Frameworks */ = {
			isa = PBXFrameworksBuildPhase;
			buildActionMask = 2147483647;
			files = (
				4D72F0962279DEC900CD76F8 /* AppDynamics.framework in Frameworks */,
				BF202BEBC317AA65FDE3A51B /* Pods_AppDynamicsTests.framework in Frameworks */,
			);
			runOnlyForDeploymentPostprocessing = 0;
		};
		4D72F0A92279EA9600CD76F8 /* Frameworks */ = {
			isa = PBXFrameworksBuildPhase;
			buildActionMask = 2147483647;
			files = (
				4D3FC7FC2281BB64005D2F22 /* Alamofire.framework in Frameworks */,
				4D4810B8227A17B400B7078B /* AppDynamics.framework in Frameworks */,
				B12B7D7A37A631B8765F9144 /* Pods_AppDynamicsClientApp.framework in Frameworks */,
			);
			runOnlyForDeploymentPostprocessing = 0;
		};
		4D72F0BC2279EA9800CD76F8 /* Frameworks */ = {
			isa = PBXFrameworksBuildPhase;
			buildActionMask = 2147483647;
			files = (
				E5F72FF23AC3D1CA5244FA52 /* Pods_AppDynamicsClientAppTests.framework in Frameworks */,
			);
			runOnlyForDeploymentPostprocessing = 0;
		};
/* End PBXFrameworksBuildPhase section */

/* Begin PBXGroup section */
		4D0CDCF12281A1DF00BDCE62 /* Model */ = {
			isa = PBXGroup;
			children = (
				4D0CDCF22281A21B00BDCE62 /* NASA_APOD.swift */,
				4D9856D3228726D700979370 /* SearchResult.swift */,
			);
			path = Model;
			sourceTree = "<group>";
		};
		4D1E71BF2280306900EBC47A /* Model */ = {
			isa = PBXGroup;
			children = (
				4D1E71C1228030B900EBC47A /* App.swift */,
				4D1E71C5228030CE00EBC47A /* Device.swift */,
			);
			path = Model;
			sourceTree = "<group>";
		};
		4D1E71C02280307200EBC47A /* Controller */ = {
			isa = PBXGroup;
			children = (
				4D72F0A62279DF6200CD76F8 /* Controller.swift */,
			);
			path = Controller;
			sourceTree = "<group>";
		};
		4D1E71D322806C6800EBC47A /* DatabaseModel */ = {
			isa = PBXGroup;
			children = (
				4D1E71C9228030EB00EBC47A /* NetworkRequest.swift */,
				4D1E71CD2280310100EBC47A /* NetworkRequestError.swift */,
				4D1E71D12280311800EBC47A /* Crash.swift */,
			);
			path = DatabaseModel;
			sourceTree = "<group>";
		};
		4D1F631C2299167C00CA3562 /* Controllers */ = {
			isa = PBXGroup;
			children = (
				4D72F0B02279EA9600CD76F8 /* ViewController.swift */,
				4DA820002281EC560096FA02 /* NasaController.swift */,
				4DE04E76228482F60084AD56 /* SignUpController.swift */,
				4D9856CD228711F300979370 /* SearchController.swift */,
				4D8CF51F22888831008A1338 /* DetailsController.swift */,
				4D2664CA229ABA7B0090BAB7 /* IntroController.swift */,
				4D2664CC229AE4210090BAB7 /* NavigationController.swift */,
				4D2664CE229AFA890090BAB7 /* LogInNavController.swift */,
			);
			path = Controllers;
			sourceTree = "<group>";
		};
		4D1F631D2299169800CA3562 /* UI */ = {
			isa = PBXGroup;
			children = (
				4D2664C9229AA8600090BAB7 /* Storyboards */,
				4D2664C8229AA84A0090BAB7 /* Designables */,
			);
			path = UI;
			sourceTree = "<group>";
		};
		4D1F631E229916C000CA3562 /* Resources */ = {
			isa = PBXGroup;
			children = (
				4DE04E73228481370084AD56 /* Fonts */,
				4D72F0B52279EA9800CD76F8 /* Assets.xcassets */,
			);
			path = Resources;
			sourceTree = "<group>";
		};
		4D2664C8229AA84A0090BAB7 /* Designables */ = {
			isa = PBXGroup;
			children = (
				4D82855122846F26007A3149 /* DesignableTextField.swift */,
				4DE04E71228474A00084AD56 /* DesignableButton.swift */,
				4D9856D12287257D00979370 /* SearchControllerTableViewCell.swift */,
			);
			path = Designables;
			sourceTree = "<group>";
		};
		4D2664C9229AA8600090BAB7 /* Storyboards */ = {
			isa = PBXGroup;
			children = (
				4D72F0B22279EA9600CD76F8 /* Main.storyboard */,
				4D72F0B72279EA9800CD76F8 /* LaunchScreen.storyboard */,
			);
			path = Storyboards;
			sourceTree = "<group>";
		};
		4D72F0822279DEC900CD76F8 = {
			isa = PBXGroup;
			children = (
				4D72F08E2279DEC900CD76F8 /* AppDynamics */,
				4D72F0992279DEC900CD76F8 /* AppDynamicsTests */,
				4D72F0AD2279EA9600CD76F8 /* AppDynamicsClientApp */,
				4D72F0C22279EA9800CD76F8 /* AppDynamicsClientAppTests */,
				4D72F08D2279DEC900CD76F8 /* Products */,
				EC09AC8FA350484E9D7C691E /* Pods */,
				E123E51C629DF36F95CE2095 /* Frameworks */,
			);
			sourceTree = "<group>";
		};
		4D72F08D2279DEC900CD76F8 /* Products */ = {
			isa = PBXGroup;
			children = (
				4D72F08C2279DEC900CD76F8 /* AppDynamics.framework */,
				4D72F0952279DEC900CD76F8 /* AppDynamicsTests.xctest */,
				4D72F0AC2279EA9600CD76F8 /* AppDynamicsClientApp.app */,
				4D72F0BF2279EA9800CD76F8 /* AppDynamicsClientAppTests.xctest */,
			);
			name = Products;
			sourceTree = "<group>";
		};
		4D72F08E2279DEC900CD76F8 /* AppDynamics */ = {
			isa = PBXGroup;
			children = (
				4D1E71D322806C6800EBC47A /* DatabaseModel */,
				4D1E71C02280307200EBC47A /* Controller */,
				4D1E71BF2280306900EBC47A /* Model */,
				4D72F08F2279DEC900CD76F8 /* AppDynamics.h */,
				4D72F0902279DEC900CD76F8 /* Info.plist */,
			);
			path = AppDynamics;
			sourceTree = "<group>";
		};
		4D72F0992279DEC900CD76F8 /* AppDynamicsTests */ = {
			isa = PBXGroup;
			children = (
				4D72F09A2279DEC900CD76F8 /* AppDynamicsTests.swift */,
				4D72F09C2279DEC900CD76F8 /* Info.plist */,
				4D72F0CE2279F63B00CD76F8 /* ErrorMsgTests.swift */,
			);
			path = AppDynamicsTests;
			sourceTree = "<group>";
		};
		4D72F0AD2279EA9600CD76F8 /* AppDynamicsClientApp */ = {
			isa = PBXGroup;
			children = (
				4D1F631E229916C000CA3562 /* Resources */,
				4D1F631D2299169800CA3562 /* UI */,
				4D1F631C2299167C00CA3562 /* Controllers */,
				4DE04E782284A8F60084AD56 /* DatabaseModel */,
				4D0CDCF12281A1DF00BDCE62 /* Model */,
				4D72F0AE2279EA9600CD76F8 /* AppDelegate.swift */,
				4D72F0BA2279EA9800CD76F8 /* Info.plist */,
			);
			path = AppDynamicsClientApp;
			sourceTree = "<group>";
		};
		4D72F0C22279EA9800CD76F8 /* AppDynamicsClientAppTests */ = {
			isa = PBXGroup;
			children = (
				4D72F0C32279EA9800CD76F8 /* AppDynamicsClientAppTests.swift */,
				4D72F0C52279EA9800CD76F8 /* Info.plist */,
			);
			path = AppDynamicsClientAppTests;
			sourceTree = "<group>";
		};
		4DE04E73228481370084AD56 /* Fonts */ = {
			isa = PBXGroup;
			children = (
				4DE04E74228481470084AD56 /* Nasa.ttf */,
			);
			path = Fonts;
			sourceTree = "<group>";
		};
		4DE04E782284A8F60084AD56 /* DatabaseModel */ = {
			isa = PBXGroup;
			children = (
				4DE04E792284A9070084AD56 /* User.swift */,
			);
			path = DatabaseModel;
			sourceTree = "<group>";
		};
		E123E51C629DF36F95CE2095 /* Frameworks */ = {
			isa = PBXGroup;
			children = (
				4D3FC7FB2281BB64005D2F22 /* Alamofire.framework */,
				4D3FC7F92281BA27005D2F22 /* Alamofire.framework */,
				552AD3630447DC7AADBC01E8 /* Pods_AppDynamics.framework */,
				2CC98BF721EF6079F981D8CA /* Pods_AppDynamicsClientApp.framework */,
				16A47B101C565D47153271F1 /* Pods_AppDynamicsClientAppTests.framework */,
				E071A66BE68740C8F3C26A26 /* Pods_AppDynamicsTests.framework */,
			);
			name = Frameworks;
			sourceTree = "<group>";
		};
		EC09AC8FA350484E9D7C691E /* Pods */ = {
			isa = PBXGroup;
			children = (
				5D8818CE14F0CCE337084257 /* Pods-AppDynamics.debug.xcconfig */,
				9DE699198681AAAE1D5BCE31 /* Pods-AppDynamics.release.xcconfig */,
				78CE1033C908DAD67096C861 /* Pods-AppDynamicsClientApp.debug.xcconfig */,
				308D507ED40BCFDA7EE5B7C2 /* Pods-AppDynamicsClientApp.release.xcconfig */,
				D56691E54F1AA4AF19A2B897 /* Pods-AppDynamicsClientAppTests.debug.xcconfig */,
				7B8F3D2364A7B9400A272FCC /* Pods-AppDynamicsClientAppTests.release.xcconfig */,
				EE5F3086DE00174819EF6521 /* Pods-AppDynamicsTests.debug.xcconfig */,
				4E827C1A92156D3C730BCF61 /* Pods-AppDynamicsTests.release.xcconfig */,
			);
			path = Pods;
			sourceTree = "<group>";
		};
/* End PBXGroup section */

/* Begin PBXHeadersBuildPhase section */
		4D72F0872279DEC900CD76F8 /* Headers */ = {
			isa = PBXHeadersBuildPhase;
			buildActionMask = 2147483647;
			files = (
				4D72F09D2279DEC900CD76F8 /* AppDynamics.h in Headers */,
			);
			runOnlyForDeploymentPostprocessing = 0;
		};
/* End PBXHeadersBuildPhase section */

/* Begin PBXNativeTarget section */
		4D72F08B2279DEC900CD76F8 /* AppDynamics */ = {
			isa = PBXNativeTarget;
			buildConfigurationList = 4D72F0A02279DEC900CD76F8 /* Build configuration list for PBXNativeTarget "AppDynamics" */;
			buildPhases = (
				682D2C0EAC4C471C6EDE9D1B /* [CP] Check Pods Manifest.lock */,
				4D72F0872279DEC900CD76F8 /* Headers */,
				4D72F0882279DEC900CD76F8 /* Sources */,
				4D72F0892279DEC900CD76F8 /* Frameworks */,
				4D72F08A2279DEC900CD76F8 /* Resources */,
			);
			buildRules = (
			);
			dependencies = (
			);
			name = AppDynamics;
			productName = AppDynamics;
			productReference = 4D72F08C2279DEC900CD76F8 /* AppDynamics.framework */;
			productType = "com.apple.product-type.framework";
		};
		4D72F0942279DEC900CD76F8 /* AppDynamicsTests */ = {
			isa = PBXNativeTarget;
			buildConfigurationList = 4D72F0A32279DEC900CD76F8 /* Build configuration list for PBXNativeTarget "AppDynamicsTests" */;
			buildPhases = (
				0DD77BE6402329197536D28A /* [CP] Check Pods Manifest.lock */,
				4D72F0912279DEC900CD76F8 /* Sources */,
				4D72F0922279DEC900CD76F8 /* Frameworks */,
				4D72F0932279DEC900CD76F8 /* Resources */,
				19462ED11E1FB62006D3C456 /* [CP] Embed Pods Frameworks */,
			);
			buildRules = (
			);
			dependencies = (
				4D72F0982279DEC900CD76F8 /* PBXTargetDependency */,
			);
			name = AppDynamicsTests;
			productName = AppDynamicsTests;
			productReference = 4D72F0952279DEC900CD76F8 /* AppDynamicsTests.xctest */;
			productType = "com.apple.product-type.bundle.unit-test";
		};
		4D72F0AB2279EA9600CD76F8 /* AppDynamicsClientApp */ = {
			isa = PBXNativeTarget;
			buildConfigurationList = 4D72F0C62279EA9800CD76F8 /* Build configuration list for PBXNativeTarget "AppDynamicsClientApp" */;
			buildPhases = (
				BA9625A88B98F2BC44CEA93C /* [CP] Check Pods Manifest.lock */,
				4D72F0A82279EA9600CD76F8 /* Sources */,
				4D72F0A92279EA9600CD76F8 /* Frameworks */,
				4D72F0AA2279EA9600CD76F8 /* Resources */,
				4D4810BC227A17B400B7078B /* Embed Frameworks */,
				C200EED1AA26652A5BACE258 /* [CP] Embed Pods Frameworks */,
			);
			buildRules = (
			);
			dependencies = (
				4D4810BB227A17B400B7078B /* PBXTargetDependency */,
			);
			name = AppDynamicsClientApp;
			productName = AppDynamicsClientApp;
			productReference = 4D72F0AC2279EA9600CD76F8 /* AppDynamicsClientApp.app */;
			productType = "com.apple.product-type.application";
		};
		4D72F0BE2279EA9800CD76F8 /* AppDynamicsClientAppTests */ = {
			isa = PBXNativeTarget;
			buildConfigurationList = 4D72F0C92279EA9800CD76F8 /* Build configuration list for PBXNativeTarget "AppDynamicsClientAppTests" */;
			buildPhases = (
				10CFDD22306E41ADFA12DBE1 /* [CP] Check Pods Manifest.lock */,
				4D72F0BB2279EA9800CD76F8 /* Sources */,
				4D72F0BC2279EA9800CD76F8 /* Frameworks */,
				4D72F0BD2279EA9800CD76F8 /* Resources */,
				68BAE1F3819C679B747809CB /* [CP] Embed Pods Frameworks */,
			);
			buildRules = (
			);
			dependencies = (
				4D72F0C12279EA9800CD76F8 /* PBXTargetDependency */,
			);
			name = AppDynamicsClientAppTests;
			productName = AppDynamicsClientAppTests;
			productReference = 4D72F0BF2279EA9800CD76F8 /* AppDynamicsClientAppTests.xctest */;
			productType = "com.apple.product-type.bundle.unit-test";
		};
/* End PBXNativeTarget section */

/* Begin PBXProject section */
		4D72F0832279DEC900CD76F8 /* Project object */ = {
			isa = PBXProject;
			attributes = {
				LastSwiftUpdateCheck = 1010;
				LastUpgradeCheck = 1010;
				ORGANIZATIONNAME = "Bojan Savic";
				TargetAttributes = {
					4D72F08B2279DEC900CD76F8 = {
						CreatedOnToolsVersion = 10.1;
						LastSwiftMigration = 1020;
					};
					4D72F0942279DEC900CD76F8 = {
						CreatedOnToolsVersion = 10.1;
					};
					4D72F0AB2279EA9600CD76F8 = {
						CreatedOnToolsVersion = 10.1;
						LastSwiftMigration = 1020;
					};
					4D72F0BE2279EA9800CD76F8 = {
						CreatedOnToolsVersion = 10.1;
						LastSwiftMigration = 1020;
						TestTargetID = 4D72F0AB2279EA9600CD76F8;
					};
				};
			};
			buildConfigurationList = 4D72F0862279DEC900CD76F8 /* Build configuration list for PBXProject "AppDynamics" */;
			compatibilityVersion = "Xcode 9.3";
			developmentRegion = en;
			hasScannedForEncodings = 0;
			knownRegions = (
				en,
				Base,
			);
			mainGroup = 4D72F0822279DEC900CD76F8;
			productRefGroup = 4D72F08D2279DEC900CD76F8 /* Products */;
			projectDirPath = "";
			projectRoot = "";
			targets = (
				4D72F08B2279DEC900CD76F8 /* AppDynamics */,
				4D72F0942279DEC900CD76F8 /* AppDynamicsTests */,
				4D72F0AB2279EA9600CD76F8 /* AppDynamicsClientApp */,
				4D72F0BE2279EA9800CD76F8 /* AppDynamicsClientAppTests */,
			);
		};
/* End PBXProject section */

/* Begin PBXResourcesBuildPhase section */
		4D72F08A2279DEC900CD76F8 /* Resources */ = {
			isa = PBXResourcesBuildPhase;
			buildActionMask = 2147483647;
			files = (
			);
			runOnlyForDeploymentPostprocessing = 0;
		};
		4D72F0932279DEC900CD76F8 /* Resources */ = {
			isa = PBXResourcesBuildPhase;
			buildActionMask = 2147483647;
			files = (
			);
			runOnlyForDeploymentPostprocessing = 0;
		};
		4D72F0AA2279EA9600CD76F8 /* Resources */ = {
			isa = PBXResourcesBuildPhase;
			buildActionMask = 2147483647;
			files = (
				4D72F0B92279EA9800CD76F8 /* LaunchScreen.storyboard in Resources */,
				4D72F0B62279EA9800CD76F8 /* Assets.xcassets in Resources */,
				4D72F0B42279EA9600CD76F8 /* Main.storyboard in Resources */,
				4DE04E75228481470084AD56 /* Nasa.ttf in Resources */,
			);
			runOnlyForDeploymentPostprocessing = 0;
		};
		4D72F0BD2279EA9800CD76F8 /* Resources */ = {
			isa = PBXResourcesBuildPhase;
			buildActionMask = 2147483647;
			files = (
			);
			runOnlyForDeploymentPostprocessing = 0;
		};
/* End PBXResourcesBuildPhase section */

/* Begin PBXShellScriptBuildPhase section */
		0DD77BE6402329197536D28A /* [CP] Check Pods Manifest.lock */ = {
			isa = PBXShellScriptBuildPhase;
			buildActionMask = 2147483647;
			files = (
			);
			inputFileListPaths = (
			);
			inputPaths = (
				"${PODS_PODFILE_DIR_PATH}/Podfile.lock",
				"${PODS_ROOT}/Manifest.lock",
			);
			name = "[CP] Check Pods Manifest.lock";
			outputFileListPaths = (
			);
			outputPaths = (
				"$(DERIVED_FILE_DIR)/Pods-AppDynamicsTests-checkManifestLockResult.txt",
			);
			runOnlyForDeploymentPostprocessing = 0;
			shellPath = /bin/sh;
			shellScript = "diff \"${PODS_PODFILE_DIR_PATH}/Podfile.lock\" \"${PODS_ROOT}/Manifest.lock\" > /dev/null\nif [ $? != 0 ] ; then\n    # print error to STDERR\n    echo \"error: The sandbox is not in sync with the Podfile.lock. Run 'pod install' or update your CocoaPods installation.\" >&2\n    exit 1\nfi\n# This output is used by Xcode 'outputs' to avoid re-running this script phase.\necho \"SUCCESS\" > \"${SCRIPT_OUTPUT_FILE_0}\"\n";
			showEnvVarsInLog = 0;
		};
		10CFDD22306E41ADFA12DBE1 /* [CP] Check Pods Manifest.lock */ = {
			isa = PBXShellScriptBuildPhase;
			buildActionMask = 2147483647;
			files = (
			);
			inputFileListPaths = (
			);
			inputPaths = (
				"${PODS_PODFILE_DIR_PATH}/Podfile.lock",
				"${PODS_ROOT}/Manifest.lock",
			);
			name = "[CP] Check Pods Manifest.lock";
			outputFileListPaths = (
			);
			outputPaths = (
				"$(DERIVED_FILE_DIR)/Pods-AppDynamicsClientAppTests-checkManifestLockResult.txt",
			);
			runOnlyForDeploymentPostprocessing = 0;
			shellPath = /bin/sh;
			shellScript = "diff \"${PODS_PODFILE_DIR_PATH}/Podfile.lock\" \"${PODS_ROOT}/Manifest.lock\" > /dev/null\nif [ $? != 0 ] ; then\n    # print error to STDERR\n    echo \"error: The sandbox is not in sync with the Podfile.lock. Run 'pod install' or update your CocoaPods installation.\" >&2\n    exit 1\nfi\n# This output is used by Xcode 'outputs' to avoid re-running this script phase.\necho \"SUCCESS\" > \"${SCRIPT_OUTPUT_FILE_0}\"\n";
			showEnvVarsInLog = 0;
		};
		19462ED11E1FB62006D3C456 /* [CP] Embed Pods Frameworks */ = {
			isa = PBXShellScriptBuildPhase;
			buildActionMask = 2147483647;
			files = (
			);
			inputFileListPaths = (
			);
			inputPaths = (
				"${PODS_ROOT}/Target Support Files/Pods-AppDynamicsTests/Pods-AppDynamicsTests-frameworks.sh",
				"${BUILT_PRODUCTS_DIR}/Realm/Realm.framework",
				"${BUILT_PRODUCTS_DIR}/RealmSwift/RealmSwift.framework",
			);
			name = "[CP] Embed Pods Frameworks";
			outputFileListPaths = (
			);
			outputPaths = (
				"${TARGET_BUILD_DIR}/${FRAMEWORKS_FOLDER_PATH}/Realm.framework",
				"${TARGET_BUILD_DIR}/${FRAMEWORKS_FOLDER_PATH}/RealmSwift.framework",
			);
			runOnlyForDeploymentPostprocessing = 0;
			shellPath = /bin/sh;
			shellScript = "\"${PODS_ROOT}/Target Support Files/Pods-AppDynamicsTests/Pods-AppDynamicsTests-frameworks.sh\"\n";
			showEnvVarsInLog = 0;
		};
		682D2C0EAC4C471C6EDE9D1B /* [CP] Check Pods Manifest.lock */ = {
			isa = PBXShellScriptBuildPhase;
			buildActionMask = 2147483647;
			files = (
			);
			inputFileListPaths = (
			);
			inputPaths = (
				"${PODS_PODFILE_DIR_PATH}/Podfile.lock",
				"${PODS_ROOT}/Manifest.lock",
			);
			name = "[CP] Check Pods Manifest.lock";
			outputFileListPaths = (
			);
			outputPaths = (
				"$(DERIVED_FILE_DIR)/Pods-AppDynamics-checkManifestLockResult.txt",
			);
			runOnlyForDeploymentPostprocessing = 0;
			shellPath = /bin/sh;
			shellScript = "diff \"${PODS_PODFILE_DIR_PATH}/Podfile.lock\" \"${PODS_ROOT}/Manifest.lock\" > /dev/null\nif [ $? != 0 ] ; then\n    # print error to STDERR\n    echo \"error: The sandbox is not in sync with the Podfile.lock. Run 'pod install' or update your CocoaPods installation.\" >&2\n    exit 1\nfi\n# This output is used by Xcode 'outputs' to avoid re-running this script phase.\necho \"SUCCESS\" > \"${SCRIPT_OUTPUT_FILE_0}\"\n";
			showEnvVarsInLog = 0;
		};
		68BAE1F3819C679B747809CB /* [CP] Embed Pods Frameworks */ = {
			isa = PBXShellScriptBuildPhase;
			buildActionMask = 2147483647;
			files = (
			);
			inputFileListPaths = (
			);
			inputPaths = (
				"${PODS_ROOT}/Target Support Files/Pods-AppDynamicsClientAppTests/Pods-AppDynamicsClientAppTests-frameworks.sh",
				"${BUILT_PRODUCTS_DIR}/Alamofire/Alamofire.framework",
			);
			name = "[CP] Embed Pods Frameworks";
			outputFileListPaths = (
			);
			outputPaths = (
				"${TARGET_BUILD_DIR}/${FRAMEWORKS_FOLDER_PATH}/Alamofire.framework",
			);
			runOnlyForDeploymentPostprocessing = 0;
			shellPath = /bin/sh;
			shellScript = "\"${PODS_ROOT}/Target Support Files/Pods-AppDynamicsClientAppTests/Pods-AppDynamicsClientAppTests-frameworks.sh\"\n";
			showEnvVarsInLog = 0;
		};
		BA9625A88B98F2BC44CEA93C /* [CP] Check Pods Manifest.lock */ = {
			isa = PBXShellScriptBuildPhase;
			buildActionMask = 2147483647;
			files = (
			);
			inputFileListPaths = (
			);
			inputPaths = (
				"${PODS_PODFILE_DIR_PATH}/Podfile.lock",
				"${PODS_ROOT}/Manifest.lock",
			);
			name = "[CP] Check Pods Manifest.lock";
			outputFileListPaths = (
			);
			outputPaths = (
				"$(DERIVED_FILE_DIR)/Pods-AppDynamicsClientApp-checkManifestLockResult.txt",
			);
			runOnlyForDeploymentPostprocessing = 0;
			shellPath = /bin/sh;
			shellScript = "diff \"${PODS_PODFILE_DIR_PATH}/Podfile.lock\" \"${PODS_ROOT}/Manifest.lock\" > /dev/null\nif [ $? != 0 ] ; then\n    # print error to STDERR\n    echo \"error: The sandbox is not in sync with the Podfile.lock. Run 'pod install' or update your CocoaPods installation.\" >&2\n    exit 1\nfi\n# This output is used by Xcode 'outputs' to avoid re-running this script phase.\necho \"SUCCESS\" > \"${SCRIPT_OUTPUT_FILE_0}\"\n";
			showEnvVarsInLog = 0;
		};
		C200EED1AA26652A5BACE258 /* [CP] Embed Pods Frameworks */ = {
			isa = PBXShellScriptBuildPhase;
			buildActionMask = 2147483647;
			files = (
			);
			inputFileListPaths = (
			);
			inputPaths = (
				"${PODS_ROOT}/Target Support Files/Pods-AppDynamicsClientApp/Pods-AppDynamicsClientApp-frameworks.sh",
				"${BUILT_PRODUCTS_DIR}/Alamofire/Alamofire.framework",
				"${BUILT_PRODUCTS_DIR}/Realm/Realm.framework",
				"${BUILT_PRODUCTS_DIR}/RealmSwift/RealmSwift.framework",
			);
			name = "[CP] Embed Pods Frameworks";
			outputFileListPaths = (
			);
			outputPaths = (
				"${TARGET_BUILD_DIR}/${FRAMEWORKS_FOLDER_PATH}/Alamofire.framework",
				"${TARGET_BUILD_DIR}/${FRAMEWORKS_FOLDER_PATH}/Realm.framework",
				"${TARGET_BUILD_DIR}/${FRAMEWORKS_FOLDER_PATH}/RealmSwift.framework",
			);
			runOnlyForDeploymentPostprocessing = 0;
			shellPath = /bin/sh;
			shellScript = "\"${PODS_ROOT}/Target Support Files/Pods-AppDynamicsClientApp/Pods-AppDynamicsClientApp-frameworks.sh\"\n";
			showEnvVarsInLog = 0;
		};
/* End PBXShellScriptBuildPhase section */

/* Begin PBXSourcesBuildPhase section */
		4D72F0882279DEC900CD76F8 /* Sources */ = {
			isa = PBXSourcesBuildPhase;
			buildActionMask = 2147483647;
			files = (
				4D1E71CA228030EB00EBC47A /* NetworkRequest.swift in Sources */,
				4D1E71D22280311800EBC47A /* Crash.swift in Sources */,
				4D1E71CE2280310100EBC47A /* NetworkRequestError.swift in Sources */,
				4D1E71C2228030B900EBC47A /* App.swift in Sources */,
				4D72F0A72279DF6200CD76F8 /* Controller.swift in Sources */,
				4D1E71C6228030CE00EBC47A /* Device.swift in Sources */,
			);
			runOnlyForDeploymentPostprocessing = 0;
		};
		4D72F0912279DEC900CD76F8 /* Sources */ = {
			isa = PBXSourcesBuildPhase;
			buildActionMask = 2147483647;
			files = (
				4D72F0CF2279F63B00CD76F8 /* ErrorMsgTests.swift in Sources */,
				4D72F09B2279DEC900CD76F8 /* AppDynamicsTests.swift in Sources */,
			);
			runOnlyForDeploymentPostprocessing = 0;
		};
		4D72F0A82279EA9600CD76F8 /* Sources */ = {
			isa = PBXSourcesBuildPhase;
			buildActionMask = 2147483647;
			files = (
				4D0CDCF32281A21B00BDCE62 /* NASA_APOD.swift in Sources */,
				4D9856D22287257D00979370 /* SearchControllerTableViewCell.swift in Sources */,
				4D8CF52022888831008A1338 /* DetailsController.swift in Sources */,
				4D72F0B12279EA9600CD76F8 /* ViewController.swift in Sources */,
				4DE04E77228482F60084AD56 /* SignUpController.swift in Sources */,
				4D2664CD229AE4210090BAB7 /* NavigationController.swift in Sources */,
				4D2664CF229AFA890090BAB7 /* LogInNavController.swift in Sources */,
				4D82855222846F26007A3149 /* DesignableTextField.swift in Sources */,
				4DE04E7A2284A9070084AD56 /* User.swift in Sources */,
				4D72F0AF2279EA9600CD76F8 /* AppDelegate.swift in Sources */,
				4D2664CB229ABA7B0090BAB7 /* IntroController.swift in Sources */,
				4DA820012281EC560096FA02 /* NasaController.swift in Sources */,
				4D9856D4228726D700979370 /* SearchResult.swift in Sources */,
				4D9856CE228711F300979370 /* SearchController.swift in Sources */,
				4DE04E72228474A00084AD56 /* DesignableButton.swift in Sources */,
			);
			runOnlyForDeploymentPostprocessing = 0;
		};
		4D72F0BB2279EA9800CD76F8 /* Sources */ = {
			isa = PBXSourcesBuildPhase;
			buildActionMask = 2147483647;
			files = (
				4D72F0C42279EA9800CD76F8 /* AppDynamicsClientAppTests.swift in Sources */,
			);
			runOnlyForDeploymentPostprocessing = 0;
		};
/* End PBXSourcesBuildPhase section */

/* Begin PBXTargetDependency section */
		4D4810BB227A17B400B7078B /* PBXTargetDependency */ = {
			isa = PBXTargetDependency;
			target = 4D72F08B2279DEC900CD76F8 /* AppDynamics */;
			targetProxy = 4D4810BA227A17B400B7078B /* PBXContainerItemProxy */;
		};
		4D72F0982279DEC900CD76F8 /* PBXTargetDependency */ = {
			isa = PBXTargetDependency;
			target = 4D72F08B2279DEC900CD76F8 /* AppDynamics */;
			targetProxy = 4D72F0972279DEC900CD76F8 /* PBXContainerItemProxy */;
		};
		4D72F0C12279EA9800CD76F8 /* PBXTargetDependency */ = {
			isa = PBXTargetDependency;
			target = 4D72F0AB2279EA9600CD76F8 /* AppDynamicsClientApp */;
			targetProxy = 4D72F0C02279EA9800CD76F8 /* PBXContainerItemProxy */;
		};
/* End PBXTargetDependency section */

/* Begin PBXVariantGroup section */
		4D72F0B22279EA9600CD76F8 /* Main.storyboard */ = {
			isa = PBXVariantGroup;
			children = (
				4D72F0B32279EA9600CD76F8 /* Base */,
			);
			name = Main.storyboard;
			sourceTree = "<group>";
		};
		4D72F0B72279EA9800CD76F8 /* LaunchScreen.storyboard */ = {
			isa = PBXVariantGroup;
			children = (
				4D72F0B82279EA9800CD76F8 /* Base */,
			);
			name = LaunchScreen.storyboard;
			sourceTree = "<group>";
		};
/* End PBXVariantGroup section */

/* Begin XCBuildConfiguration section */
		4D72F09E2279DEC900CD76F8 /* Debug */ = {
			isa = XCBuildConfiguration;
			buildSettings = {
				ALWAYS_SEARCH_USER_PATHS = NO;
				CLANG_ANALYZER_NONNULL = YES;
				CLANG_ANALYZER_NUMBER_OBJECT_CONVERSION = YES_AGGRESSIVE;
				CLANG_CXX_LANGUAGE_STANDARD = "gnu++14";
				CLANG_CXX_LIBRARY = "libc++";
				CLANG_ENABLE_MODULES = YES;
				CLANG_ENABLE_OBJC_ARC = YES;
				CLANG_ENABLE_OBJC_WEAK = YES;
				CLANG_WARN_BLOCK_CAPTURE_AUTORELEASING = YES;
				CLANG_WARN_BOOL_CONVERSION = YES;
				CLANG_WARN_COMMA = YES;
				CLANG_WARN_CONSTANT_CONVERSION = YES;
				CLANG_WARN_DEPRECATED_OBJC_IMPLEMENTATIONS = YES;
				CLANG_WARN_DIRECT_OBJC_ISA_USAGE = YES_ERROR;
				CLANG_WARN_DOCUMENTATION_COMMENTS = YES;
				CLANG_WARN_EMPTY_BODY = YES;
				CLANG_WARN_ENUM_CONVERSION = YES;
				CLANG_WARN_INFINITE_RECURSION = YES;
				CLANG_WARN_INT_CONVERSION = YES;
				CLANG_WARN_NON_LITERAL_NULL_CONVERSION = YES;
				CLANG_WARN_OBJC_IMPLICIT_RETAIN_SELF = YES;
				CLANG_WARN_OBJC_LITERAL_CONVERSION = YES;
				CLANG_WARN_OBJC_ROOT_CLASS = YES_ERROR;
				CLANG_WARN_RANGE_LOOP_ANALYSIS = YES;
				CLANG_WARN_STRICT_PROTOTYPES = YES;
				CLANG_WARN_SUSPICIOUS_MOVE = YES;
				CLANG_WARN_UNGUARDED_AVAILABILITY = YES_AGGRESSIVE;
				CLANG_WARN_UNREACHABLE_CODE = YES;
				CLANG_WARN__DUPLICATE_METHOD_MATCH = YES;
				CODE_SIGN_IDENTITY = "iPhone Developer";
				COPY_PHASE_STRIP = NO;
				CURRENT_PROJECT_VERSION = 1;
				DEBUG_INFORMATION_FORMAT = dwarf;
				ENABLE_STRICT_OBJC_MSGSEND = YES;
				ENABLE_TESTABILITY = YES;
				GCC_C_LANGUAGE_STANDARD = gnu11;
				GCC_DYNAMIC_NO_PIC = NO;
				GCC_NO_COMMON_BLOCKS = YES;
				GCC_OPTIMIZATION_LEVEL = 0;
				GCC_PREPROCESSOR_DEFINITIONS = (
					"DEBUG=1",
					"$(inherited)",
				);
				GCC_WARN_64_TO_32_BIT_CONVERSION = YES;
				GCC_WARN_ABOUT_RETURN_TYPE = YES_ERROR;
				GCC_WARN_UNDECLARED_SELECTOR = YES;
				GCC_WARN_UNINITIALIZED_AUTOS = YES_AGGRESSIVE;
				GCC_WARN_UNUSED_FUNCTION = YES;
				GCC_WARN_UNUSED_VARIABLE = YES;
				IPHONEOS_DEPLOYMENT_TARGET = 12.1;
				MTL_ENABLE_DEBUG_INFO = INCLUDE_SOURCE;
				MTL_FAST_MATH = YES;
				ONLY_ACTIVE_ARCH = YES;
				SDKROOT = iphoneos;
				SWIFT_ACTIVE_COMPILATION_CONDITIONS = DEBUG;
				SWIFT_OPTIMIZATION_LEVEL = "-Onone";
				VERSIONING_SYSTEM = "apple-generic";
				VERSION_INFO_PREFIX = "";
			};
			name = Debug;
		};
		4D72F09F2279DEC900CD76F8 /* Release */ = {
			isa = XCBuildConfiguration;
			buildSettings = {
				ALWAYS_SEARCH_USER_PATHS = NO;
				CLANG_ANALYZER_NONNULL = YES;
				CLANG_ANALYZER_NUMBER_OBJECT_CONVERSION = YES_AGGRESSIVE;
				CLANG_CXX_LANGUAGE_STANDARD = "gnu++14";
				CLANG_CXX_LIBRARY = "libc++";
				CLANG_ENABLE_MODULES = YES;
				CLANG_ENABLE_OBJC_ARC = YES;
				CLANG_ENABLE_OBJC_WEAK = YES;
				CLANG_WARN_BLOCK_CAPTURE_AUTORELEASING = YES;
				CLANG_WARN_BOOL_CONVERSION = YES;
				CLANG_WARN_COMMA = YES;
				CLANG_WARN_CONSTANT_CONVERSION = YES;
				CLANG_WARN_DEPRECATED_OBJC_IMPLEMENTATIONS = YES;
				CLANG_WARN_DIRECT_OBJC_ISA_USAGE = YES_ERROR;
				CLANG_WARN_DOCUMENTATION_COMMENTS = YES;
				CLANG_WARN_EMPTY_BODY = YES;
				CLANG_WARN_ENUM_CONVERSION = YES;
				CLANG_WARN_INFINITE_RECURSION = YES;
				CLANG_WARN_INT_CONVERSION = YES;
				CLANG_WARN_NON_LITERAL_NULL_CONVERSION = YES;
				CLANG_WARN_OBJC_IMPLICIT_RETAIN_SELF = YES;
				CLANG_WARN_OBJC_LITERAL_CONVERSION = YES;
				CLANG_WARN_OBJC_ROOT_CLASS = YES_ERROR;
				CLANG_WARN_RANGE_LOOP_ANALYSIS = YES;
				CLANG_WARN_STRICT_PROTOTYPES = YES;
				CLANG_WARN_SUSPICIOUS_MOVE = YES;
				CLANG_WARN_UNGUARDED_AVAILABILITY = YES_AGGRESSIVE;
				CLANG_WARN_UNREACHABLE_CODE = YES;
				CLANG_WARN__DUPLICATE_METHOD_MATCH = YES;
				CODE_SIGN_IDENTITY = "iPhone Developer";
				COPY_PHASE_STRIP = NO;
				CURRENT_PROJECT_VERSION = 1;
				DEBUG_INFORMATION_FORMAT = "dwarf-with-dsym";
				ENABLE_NS_ASSERTIONS = NO;
				ENABLE_STRICT_OBJC_MSGSEND = YES;
				GCC_C_LANGUAGE_STANDARD = gnu11;
				GCC_NO_COMMON_BLOCKS = YES;
				GCC_WARN_64_TO_32_BIT_CONVERSION = YES;
				GCC_WARN_ABOUT_RETURN_TYPE = YES_ERROR;
				GCC_WARN_UNDECLARED_SELECTOR = YES;
				GCC_WARN_UNINITIALIZED_AUTOS = YES_AGGRESSIVE;
				GCC_WARN_UNUSED_FUNCTION = YES;
				GCC_WARN_UNUSED_VARIABLE = YES;
				IPHONEOS_DEPLOYMENT_TARGET = 12.1;
				MTL_ENABLE_DEBUG_INFO = NO;
				MTL_FAST_MATH = YES;
				SDKROOT = iphoneos;
				SWIFT_COMPILATION_MODE = wholemodule;
				SWIFT_OPTIMIZATION_LEVEL = "-O";
				VALIDATE_PRODUCT = YES;
				VERSIONING_SYSTEM = "apple-generic";
				VERSION_INFO_PREFIX = "";
			};
			name = Release;
		};
		4D72F0A12279DEC900CD76F8 /* Debug */ = {
			isa = XCBuildConfiguration;
			baseConfigurationReference = 5D8818CE14F0CCE337084257 /* Pods-AppDynamics.debug.xcconfig */;
			buildSettings = {
				CLANG_ENABLE_MODULES = YES;
				CODE_SIGN_IDENTITY = "";
				CODE_SIGN_STYLE = Automatic;
				DEFINES_MODULE = YES;
				DYLIB_COMPATIBILITY_VERSION = 1;
				DYLIB_CURRENT_VERSION = 1;
				DYLIB_INSTALL_NAME_BASE = "@rpath";
				INFOPLIST_FILE = AppDynamics/Info.plist;
				INSTALL_PATH = "$(LOCAL_LIBRARY_DIR)/Frameworks";
				LD_RUNPATH_SEARCH_PATHS = (
					"$(inherited)",
					"@executable_path/Frameworks",
					"@loader_path/Frameworks",
				);
				PRODUCT_BUNDLE_IDENTIFIER = com.dev.AppDynamics;
				PRODUCT_NAME = "$(TARGET_NAME:c99extidentifier)";
				SKIP_INSTALL = YES;
				SWIFT_OPTIMIZATION_LEVEL = "-Onone";
				SWIFT_VERSION = 5.0;
				TARGETED_DEVICE_FAMILY = "1,2";
			};
			name = Debug;
		};
		4D72F0A22279DEC900CD76F8 /* Release */ = {
			isa = XCBuildConfiguration;
			baseConfigurationReference = 9DE699198681AAAE1D5BCE31 /* Pods-AppDynamics.release.xcconfig */;
			buildSettings = {
				CLANG_ENABLE_MODULES = YES;
				CODE_SIGN_IDENTITY = "";
				CODE_SIGN_STYLE = Automatic;
				DEFINES_MODULE = YES;
				DYLIB_COMPATIBILITY_VERSION = 1;
				DYLIB_CURRENT_VERSION = 1;
				DYLIB_INSTALL_NAME_BASE = "@rpath";
				INFOPLIST_FILE = AppDynamics/Info.plist;
				INSTALL_PATH = "$(LOCAL_LIBRARY_DIR)/Frameworks";
				LD_RUNPATH_SEARCH_PATHS = (
					"$(inherited)",
					"@executable_path/Frameworks",
					"@loader_path/Frameworks",
				);
				PRODUCT_BUNDLE_IDENTIFIER = com.dev.AppDynamics;
				PRODUCT_NAME = "$(TARGET_NAME:c99extidentifier)";
				SKIP_INSTALL = YES;
				SWIFT_VERSION = 5.0;
				TARGETED_DEVICE_FAMILY = "1,2";
			};
			name = Release;
		};
		4D72F0A42279DEC900CD76F8 /* Debug */ = {
			isa = XCBuildConfiguration;
			baseConfigurationReference = EE5F3086DE00174819EF6521 /* Pods-AppDynamicsTests.debug.xcconfig */;
			buildSettings = {
				ALWAYS_EMBED_SWIFT_STANDARD_LIBRARIES = "$(inherited)";
				CODE_SIGN_STYLE = Automatic;
				INFOPLIST_FILE = AppDynamicsTests/Info.plist;
				LD_RUNPATH_SEARCH_PATHS = (
					"$(inherited)",
					"@executable_path/Frameworks",
					"@loader_path/Frameworks",
				);
				PRODUCT_BUNDLE_IDENTIFIER = com.dev.AppDynamicsTests;
				PRODUCT_NAME = "$(TARGET_NAME)";
				SWIFT_VERSION = 5.0;
				TARGETED_DEVICE_FAMILY = "1,2";
			};
			name = Debug;
		};
		4D72F0A52279DEC900CD76F8 /* Release */ = {
			isa = XCBuildConfiguration;
			baseConfigurationReference = 4E827C1A92156D3C730BCF61 /* Pods-AppDynamicsTests.release.xcconfig */;
			buildSettings = {
				ALWAYS_EMBED_SWIFT_STANDARD_LIBRARIES = "$(inherited)";
				CODE_SIGN_STYLE = Automatic;
				INFOPLIST_FILE = AppDynamicsTests/Info.plist;
				LD_RUNPATH_SEARCH_PATHS = (
					"$(inherited)",
					"@executable_path/Frameworks",
					"@loader_path/Frameworks",
				);
				PRODUCT_BUNDLE_IDENTIFIER = com.dev.AppDynamicsTests;
				PRODUCT_NAME = "$(TARGET_NAME)";
				SWIFT_VERSION = 5.0;
				TARGETED_DEVICE_FAMILY = "1,2";
			};
			name = Release;
		};
		4D72F0C72279EA9800CD76F8 /* Debug */ = {
			isa = XCBuildConfiguration;
			baseConfigurationReference = 78CE1033C908DAD67096C861 /* Pods-AppDynamicsClientApp.debug.xcconfig */;
			buildSettings = {
				ALWAYS_EMBED_SWIFT_STANDARD_LIBRARIES = "$(inherited)";
				ASSETCATALOG_COMPILER_APPICON_NAME = AppIcon;
				CODE_SIGN_STYLE = Automatic;
				INFOPLIST_FILE = AppDynamicsClientApp/Info.plist;
				LD_RUNPATH_SEARCH_PATHS = (
					"$(inherited)",
					"@executable_path/Frameworks",
				);
				PRODUCT_BUNDLE_IDENTIFIER = com.dev.AppDynamicsClientApp;
				PRODUCT_NAME = "$(TARGET_NAME)";
				SWIFT_VERSION = 5.0;
				TARGETED_DEVICE_FAMILY = "1,2";
			};
			name = Debug;
		};
		4D72F0C82279EA9800CD76F8 /* Release */ = {
			isa = XCBuildConfiguration;
			baseConfigurationReference = 308D507ED40BCFDA7EE5B7C2 /* Pods-AppDynamicsClientApp.release.xcconfig */;
			buildSettings = {
				ALWAYS_EMBED_SWIFT_STANDARD_LIBRARIES = "$(inherited)";
				ASSETCATALOG_COMPILER_APPICON_NAME = AppIcon;
				CODE_SIGN_STYLE = Automatic;
				INFOPLIST_FILE = AppDynamicsClientApp/Info.plist;
				LD_RUNPATH_SEARCH_PATHS = (
					"$(inherited)",
					"@executable_path/Frameworks",
				);
				PRODUCT_BUNDLE_IDENTIFIER = com.dev.AppDynamicsClientApp;
				PRODUCT_NAME = "$(TARGET_NAME)";
				SWIFT_VERSION = 5.0;
				TARGETED_DEVICE_FAMILY = "1,2";
			};
			name = Release;
		};
		4D72F0CA2279EA9800CD76F8 /* Debug */ = {
			isa = XCBuildConfiguration;
			baseConfigurationReference = D56691E54F1AA4AF19A2B897 /* Pods-AppDynamicsClientAppTests.debug.xcconfig */;
			buildSettings = {
				ALWAYS_EMBED_SWIFT_STANDARD_LIBRARIES = "$(inherited)";
				BUNDLE_LOADER = "$(TEST_HOST)";
				CODE_SIGN_STYLE = Automatic;
				INFOPLIST_FILE = AppDynamicsClientAppTests/Info.plist;
				LD_RUNPATH_SEARCH_PATHS = (
					"$(inherited)",
					"@executable_path/Frameworks",
					"@loader_path/Frameworks",
				);
				PRODUCT_BUNDLE_IDENTIFIER = com.dev.AppDynamicsClientAppTests;
				PRODUCT_NAME = "$(TARGET_NAME)";
				SWIFT_VERSION = 5.0;
				TARGETED_DEVICE_FAMILY = "1,2";
				TEST_HOST = "$(BUILT_PRODUCTS_DIR)/AppDynamicsClientApp.app/AppDynamicsClientApp";
			};
			name = Debug;
		};
		4D72F0CB2279EA9800CD76F8 /* Release */ = {
			isa = XCBuildConfiguration;
			baseConfigurationReference = 7B8F3D2364A7B9400A272FCC /* Pods-AppDynamicsClientAppTests.release.xcconfig */;
			buildSettings = {
				ALWAYS_EMBED_SWIFT_STANDARD_LIBRARIES = "$(inherited)";
				BUNDLE_LOADER = "$(TEST_HOST)";
				CODE_SIGN_STYLE = Automatic;
				INFOPLIST_FILE = AppDynamicsClientAppTests/Info.plist;
				LD_RUNPATH_SEARCH_PATHS = (
					"$(inherited)",
					"@executable_path/Frameworks",
					"@loader_path/Frameworks",
				);
				PRODUCT_BUNDLE_IDENTIFIER = com.dev.AppDynamicsClientAppTests;
				PRODUCT_NAME = "$(TARGET_NAME)";
				SWIFT_VERSION = 5.0;
				TARGETED_DEVICE_FAMILY = "1,2";
				TEST_HOST = "$(BUILT_PRODUCTS_DIR)/AppDynamicsClientApp.app/AppDynamicsClientApp";
			};
			name = Release;
		};
/* End XCBuildConfiguration section */

/* Begin XCConfigurationList section */
		4D72F0862279DEC900CD76F8 /* Build configuration list for PBXProject "AppDynamics" */ = {
			isa = XCConfigurationList;
			buildConfigurations = (
				4D72F09E2279DEC900CD76F8 /* Debug */,
				4D72F09F2279DEC900CD76F8 /* Release */,
			);
			defaultConfigurationIsVisible = 0;
			defaultConfigurationName = Release;
		};
		4D72F0A02279DEC900CD76F8 /* Build configuration list for PBXNativeTarget "AppDynamics" */ = {
			isa = XCConfigurationList;
			buildConfigurations = (
				4D72F0A12279DEC900CD76F8 /* Debug */,
				4D72F0A22279DEC900CD76F8 /* Release */,
			);
			defaultConfigurationIsVisible = 0;
			defaultConfigurationName = Release;
		};
		4D72F0A32279DEC900CD76F8 /* Build configuration list for PBXNativeTarget "AppDynamicsTests" */ = {
			isa = XCConfigurationList;
			buildConfigurations = (
				4D72F0A42279DEC900CD76F8 /* Debug */,
				4D72F0A52279DEC900CD76F8 /* Release */,
			);
			defaultConfigurationIsVisible = 0;
			defaultConfigurationName = Release;
		};
		4D72F0C62279EA9800CD76F8 /* Build configuration list for PBXNativeTarget "AppDynamicsClientApp" */ = {
			isa = XCConfigurationList;
			buildConfigurations = (
				4D72F0C72279EA9800CD76F8 /* Debug */,
				4D72F0C82279EA9800CD76F8 /* Release */,
			);
			defaultConfigurationIsVisible = 0;
			defaultConfigurationName = Release;
		};
		4D72F0C92279EA9800CD76F8 /* Build configuration list for PBXNativeTarget "AppDynamicsClientAppTests" */ = {
			isa = XCConfigurationList;
			buildConfigurations = (
				4D72F0CA2279EA9800CD76F8 /* Debug */,
				4D72F0CB2279EA9800CD76F8 /* Release */,
			);
			defaultConfigurationIsVisible = 0;
			defaultConfigurationName = Release;
		};
/* End XCConfigurationList section */
	};
	rootObject = 4D72F0832279DEC900CD76F8 /* Project object */;
}
